Microsoft Visual Studio Solution File, Format Version 12.00
# Visual Studio Version 17
VisualStudioVersion = 17.5.2.0
MinimumVisualStudioVersion = 10.0.40219.1
Project("{FAE04EC0-301F-11D3-BF4B-00C04F79EFBC}") = "C#Practice", "C#Practice.csproj", "{415F08B2-75C3-6FFD-FAA9-6CF808C80A47}"
EndProject
Global
	GlobalSection(SolutionConfigurationPlatforms) = preSolution
		Debug|Any CPU = Debug|Any CPU
		Release|Any CPU = Release|Any CPU
	EndGlobalSection
	GlobalSection(ProjectConfigurationPlatforms) = postSolution
		{415F08B2-75C3-6FFD-FAA9-6CF808C80A47}.Debug|Any CPU.ActiveCfg = Debug|Any CPU
		{415F08B2-75C3-6FFD-FAA9-6CF808C80A47}.Debug|Any CPU.Build.0 = Debug|Any CPU
		{415F08B2-75C3-6FFD-FAA9-6CF808C80A47}.Release|Any CPU.ActiveCfg = Release|Any CPU
		{415F08B2-75C3-6FFD-FAA9-6CF808C80A47}.Release|Any CPU.Build.0 = Release|Any CPU
	EndGlobalSection
	GlobalSection(SolutionProperties) = preSolution
		HideSolutionNode = FALSE
	EndGlobalSection
	GlobalSection(ExtensibilityGlobals) = postSolution
		SolutionGuid = {30FBDDA7-4DBF-47AD-92E4-2B88AFCFB774}
	EndGlobalSection
EndGlobal
